
Microsoft Visual Studio Solution File, Format Version 12.00
# Visual Studio 15
VisualStudioVersion = 15.0.27130.2027
MinimumVisualStudioVersion = 10.0.40219.1
Project("{FAE04EC0-301F-11D3-BF4B-00C04F79EFBC}") = "AbstractNode.Web", "AbstractNode.Web\AbstractNode.Web.csproj", "{A37F7AA7-EE1F-4D7A-B28B-930F97F36908}"
EndProject
Project("{FAE04EC0-301F-11D3-BF4B-00C04F79EFBC}") = "AbstractNode.DAL", "AbstractNode.DAL\AbstractNode.DAL.csproj", "{17EEBAF0-911B-4A8F-930D-3DEA36E0B242}"
EndProject
Project("{FAE04EC0-301F-11D3-BF4B-00C04F79EFBC}") = "AbstractNode.BLL", "AbstractNode.BLL\AbstractNode.BLL.csproj", "{38DB0433-5067-4907-B655-5C7F4296DEA4}"
EndProject
Global
	GlobalSection(SolutionConfigurationPlatforms) = preSolution
		Debug|Any CPU = Debug|Any CPU
		Release|Any CPU = Release|Any CPU
	EndGlobalSection
	GlobalSection(ProjectConfigurationPlatforms) = postSolution
		{A37F7AA7-EE1F-4D7A-B28B-930F97F36908}.Debug|Any CPU.ActiveCfg = Debug|Any CPU
		{A37F7AA7-EE1F-4D7A-B28B-930F97F36908}.Debug|Any CPU.Build.0 = Debug|Any CPU
		{A37F7AA7-EE1F-4D7A-B28B-930F97F36908}.Release|Any CPU.ActiveCfg = Release|Any CPU
		{A37F7AA7-EE1F-4D7A-B28B-930F97F36908}.Release|Any CPU.Build.0 = Release|Any CPU
		{17EEBAF0-911B-4A8F-930D-3DEA36E0B242}.Debug|Any CPU.ActiveCfg = Debug|Any CPU
		{17EEBAF0-911B-4A8F-930D-3DEA36E0B242}.Debug|Any CPU.Build.0 = Debug|Any CPU
		{17EEBAF0-911B-4A8F-930D-3DEA36E0B242}.Release|Any CPU.ActiveCfg = Release|Any CPU
		{17EEBAF0-911B-4A8F-930D-3DEA36E0B242}.Release|Any CPU.Build.0 = Release|Any CPU
		{38DB0433-5067-4907-B655-5C7F4296DEA4}.Debug|Any CPU.ActiveCfg = Debug|Any CPU
		{38DB0433-5067-4907-B655-5C7F4296DEA4}.Debug|Any CPU.Build.0 = Debug|Any CPU
		{38DB0433-5067-4907-B655-5C7F4296DEA4}.Release|Any CPU.ActiveCfg = Release|Any CPU
		{38DB0433-5067-4907-B655-5C7F4296DEA4}.Release|Any CPU.Build.0 = Release|Any CPU
	EndGlobalSection
	GlobalSection(SolutionProperties) = preSolution
		HideSolutionNode = FALSE
	EndGlobalSection
	GlobalSection(ExtensibilityGlobals) = postSolution
		SolutionGuid = {10EA7E34-8C92-4E01-A925-83864E3522E9}
	EndGlobalSection
EndGlobal
